{
  "version": 4,
  "terraform_version": "1.11.4",
  "serial": 11,
  "lineage": "c6ab98ee-b97d-498c-d7e0-23933c2063f3",
  "outputs": {
    "vm2_ip": {
      "value": "10.15.1.4",
      "type": "string"
    }
  },
  "resources": [
    {
      "module": "module.network_vm_module",
      "mode": "data",
      "type": "local_file",
      "name": "ssh_key",
      "provider": "provider[\"registry.terraform.io/hashicorp/local\"]",
      "instances": [
        {
          "schema_version": 0,
          "attributes": {
            "content": "ssh-rsa AAAAB3NzaC1yc2EAAAADAQABAAACAQDGf6axIlVMoZrZOugjydza+LPMahwV8bWAjAL+CSJF10PTCtqiCl4lX8cWtfAli40CdyxCsSBmEuCcEbvv3Wa7LAhAQfvBxKVlCe0KTZ56wzLqfFYxsXoEidZS0vVRH1V8ogCad5GGSf1ikZxjHsBPshrz+nCLOjoVdE48gIHVwv5TevWAHfmbVdofkUEQ9D02XW+W1VntLQSS+E6nJ7gO8GxtHtr1rmdZ58KrUNXis50/Neu6joFXp9IF+0kgtNBv0UsO7zMoXPXV8CmkYdB7jXBRCUhNfyyOylMc4+5G8phRwNa4sH0bT+e1fnm0LW0gQ1RE96EXXH94+SWTciriuDA83ETfnR850YebMJa4Z8nsyobKaoa9YHmzUZgKmshVwivXLbgWsM2tXKEwlDlF0rue8rumSQwM2LwW22ewhBYBh1MRVxZi5iY4UcnLXHh8LGj3JhwfbSwyXk5bgPbseDSjJVK0xSAKQKNApmFK7y0eeWR1Z0fbZWjW8KtAMlanAIxZ2MafP2BbBJdN9uyMj5mPSoddWeag7emXrJC9/nTH6NLiHHOpu+gVmyT9brKsgfMP2+EC6j4LEGDixSE74bfcwIrUcbPzBkFg0D4ZZ8svP2tjgqlGjLnKm+2wGjc9Sy0jbJLjpggy78yDW6bvOwkWmW6cAmocfXG+WmbHgQ== azureuser@Jenkins\n",
            "content_base64": "c3NoLXJzYSBBQUFBQjNOemFDMXljMkVBQUFBREFRQUJBQUFDQVFER2Y2YXhJbFZNb1pyWk91Z2p5ZHphK0xQTWFod1Y4YldBakFMK0NTSkYxMFBUQ3RxaUNsNGxYOGNXdGZBbGk0MENkeXhDc1NCbUV1Q2NFYnZ2M1dhN0xBaEFRZnZCeEtWbENlMEtUWjU2d3pMcWZGWXhzWG9FaWRaUzB2VlJIMVY4b2dDYWQ1R0dTZjFpa1p4akhzQlBzaHJ6K25DTE9qb1ZkRTQ4Z0lIVnd2NVRldldBSGZtYlZkb2ZrVUVROUQwMlhXK1cxVm50TFFTUytFNm5KN2dPOEd4dEh0cjFybWRaNThLclVOWGlzNTAvTmV1NmpvRlhwOUlGKzBrZ3ROQnYwVXNPN3pNb1hQWFY4Q21rWWRCN2pYQlJDVWhOZnl5T3lsTWM0KzVHOHBoUndOYTRzSDBiVCtlMWZubTBMVzBnUTFSRTk2RVhYSDk0K1NXVGNpcml1REE4M0VUZm5SODUwWWViTUphNFo4bnN5b2JLYW9hOVlIbXpVWmdLbXNoVndpdlhMYmdXc00ydFhLRXdsRGxGMHJ1ZThydW1TUXdNMkx3VzIyZXdoQllCaDFNUlZ4Wmk1aVk0VWNuTFhIaDhMR2ozSmh3ZmJTd3lYazViZ1Bic2VEU2pKVksweFNBS1FLTkFwbUZLN3kwZWVXUjFaMGZiWldqVzhLdEFNbGFuQUl4WjJNYWZQMkJiQkpkTjl1eU1qNW1QU29kZFdlYWc3ZW1YckpDOS9uVEg2TkxpSEhPcHUrZ1ZteVQ5YnJLc2dmTVAyK0VDNmo0TEVHRGl4U0U3NGJmY3dJclVjYlB6QmtGZzBENFpaOHN2UDJ0amdxbEdqTG5LbSsyd0dqYzlTeTBqYkpManBnZ3k3OHlEVzZidk93a1dtVzZjQW1vY2ZYRytXbWJIZ1E9PSBhenVyZXVzZXJASmVua2lucwo=",
            "content_base64sha256": "ldlo9ck9/yZlsfHfsRH0TFpqgTZQRiCGKlqXIb330p0=",
            "content_base64sha512": "TEEDEoGHe+NeGwDHIx6TFUlIL68NhzmKfIysTjMaakpYUbRDwj57PjJf7/g4QcMHHL+sPWWFFQ4y/EvJ9MLR/A==",
            "content_md5": "644d641572f95fb1839d1f11a4d936eb",
            "content_sha1": "e98e7b2fb7ad6e54706c5e53417025cc7b576128",
            "content_sha256": "95d968f5c93dff2665b1f1dfb111f44c5a6a8136504620862a5a9721bdf7d29d",
            "content_sha512": "4c41031281877be35e1b00c7231e931549482faf0d87398a7c8cac4e331a6a4a5851b443c23e7b3e325feff83841c3071cbfac3d6585150e32fc4bc9f4c2d1fc",
            "filename": "/home/azureuser/.ssh/id_rsa.pub",
            "id": "e98e7b2fb7ad6e54706c5e53417025cc7b576128"
          },
          "sensitive_attributes": []
        }
      ]
    },
    {
      "module": "module.network_vm_module",
      "mode": "managed",
      "type": "azurerm_network_interface",
      "name": "nic_vm2",
      "provider": "module.network_vm_module.provider[\"registry.terraform.io/hashicorp/azurerm\"]",
      "instances": [
        {
          "schema_version": 0,
          "attributes": {
            "accelerated_networking_enabled": false,
            "applied_dns_servers": [],
            "auxiliary_mode": "",
            "auxiliary_sku": "",
            "dns_servers": null,
            "edge_zone": "",
            "id": "/subscriptions/fb99e83f-61c2-4969-a2b1-eccab005dbe6/resourceGroups/rg-abc-1611/providers/Microsoft.Network/networkInterfaces/nic-vm2",
            "internal_dns_name_label": "",
            "internal_domain_name_suffix": "4pltyalv52bedciki4bcyop20c.bx.internal.cloudapp.net",
            "ip_configuration": [
              {
                "gateway_load_balancer_frontend_ip_configuration_id": "",
                "name": "ipconfig2",
                "primary": true,
                "private_ip_address": "10.15.1.4",
                "private_ip_address_allocation": "Dynamic",
                "private_ip_address_version": "IPv4",
                "public_ip_address_id": "",
                "subnet_id": "/subscriptions/fb99e83f-61c2-4969-a2b1-eccab005dbe6/resourceGroups/rg-abc-1611/providers/Microsoft.Network/virtualNetworks/vnet2/subnets/subnet2"
              }
            ],
            "ip_forwarding_enabled": false,
            "location": "eastus",
            "mac_address": "",
            "name": "nic-vm2",
            "private_ip_address": "10.15.1.4",
            "private_ip_addresses": [
              "10.15.1.4"
            ],
            "resource_group_name": "rg-abc-1611",
            "tags": null,
            "timeouts": null,
            "virtual_machine_id": ""
          },
          "sensitive_attributes": [],
          "private": "eyJlMmJmYjczMC1lY2FhLTExZTYtOGY4OC0zNDM2M2JjN2M0YzAiOnsiY3JlYXRlIjoxODAwMDAwMDAwMDAwLCJkZWxldGUiOjE4MDAwMDAwMDAwMDAsInJlYWQiOjMwMDAwMDAwMDAwMCwidXBkYXRlIjoxODAwMDAwMDAwMDAwfX0=",
          "dependencies": [
            "module.network_vm_module.azurerm_resource_group.rg",
            "module.network_vm_module.azurerm_subnet.subnet2",
            "module.network_vm_module.azurerm_virtual_network.vnet2"
          ]
        }
      ]
    },
    {
      "module": "module.network_vm_module",
      "mode": "managed",
      "type": "azurerm_resource_group",
      "name": "rg",
      "provider": "module.network_vm_module.provider[\"registry.terraform.io/hashicorp/azurerm\"]",
      "instances": [
        {
          "schema_version": 0,
          "attributes": {
            "id": "/subscriptions/fb99e83f-61c2-4969-a2b1-eccab005dbe6/resourceGroups/rg-abc-1611",
            "location": "eastus",
            "managed_by": "",
            "name": "rg-abc-1611",
            "tags": null,
            "timeouts": null
          },
          "sensitive_attributes": [],
          "private": "eyJlMmJmYjczMC1lY2FhLTExZTYtOGY4OC0zNDM2M2JjN2M0YzAiOnsiY3JlYXRlIjo1NDAwMDAwMDAwMDAwLCJkZWxldGUiOjU0MDAwMDAwMDAwMDAsInJlYWQiOjMwMDAwMDAwMDAwMCwidXBkYXRlIjo1NDAwMDAwMDAwMDAwfX0="
        }
      ]
    },
    {
      "module": "module.network_vm_module",
      "mode": "managed",
      "type": "azurerm_subnet",
      "name": "subnet1",
      "provider": "module.network_vm_module.provider[\"registry.terraform.io/hashicorp/azurerm\"]",
      "instances": [
        {
          "schema_version": 0,
          "attributes": {
            "address_prefixes": [
              "10.5.1.0/24"
            ],
            "default_outbound_access_enabled": true,
            "delegation": [],
            "id": "/subscriptions/fb99e83f-61c2-4969-a2b1-eccab005dbe6/resourceGroups/rg-abc-1611/providers/Microsoft.Network/virtualNetworks/vnet1/subnets/subnet1",
            "name": "subnet1",
            "private_endpoint_network_policies": "Disabled",
            "private_link_service_network_policies_enabled": true,
            "resource_group_name": "rg-abc-1611",
            "service_endpoint_policy_ids": null,
            "service_endpoints": null,
            "timeouts": null,
            "virtual_network_name": "vnet1"
          },
          "sensitive_attributes": [],
          "private": "eyJlMmJmYjczMC1lY2FhLTExZTYtOGY4OC0zNDM2M2JjN2M0YzAiOnsiY3JlYXRlIjoxODAwMDAwMDAwMDAwLCJkZWxldGUiOjE4MDAwMDAwMDAwMDAsInJlYWQiOjMwMDAwMDAwMDAwMCwidXBkYXRlIjoxODAwMDAwMDAwMDAwfX0=",
          "dependencies": [
            "module.network_vm_module.azurerm_resource_group.rg",
            "module.network_vm_module.azurerm_virtual_network.vnet1"
          ]
        }
      ]
    },
    {
      "module": "module.network_vm_module",
      "mode": "managed",
      "type": "azurerm_subnet",
      "name": "subnet2",
      "provider": "module.network_vm_module.provider[\"registry.terraform.io/hashicorp/azurerm\"]",
      "instances": [
        {
          "schema_version": 0,
          "attributes": {
            "address_prefixes": [
              "10.15.1.0/24"
            ],
            "default_outbound_access_enabled": true,
            "delegation": [],
            "id": "/subscriptions/fb99e83f-61c2-4969-a2b1-eccab005dbe6/resourceGroups/rg-abc-1611/providers/Microsoft.Network/virtualNetworks/vnet2/subnets/subnet2",
            "name": "subnet2",
            "private_endpoint_network_policies": "Disabled",
            "private_link_service_network_policies_enabled": true,
            "resource_group_name": "rg-abc-1611",
            "service_endpoint_policy_ids": null,
            "service_endpoints": null,
            "timeouts": null,
            "virtual_network_name": "vnet2"
          },
          "sensitive_attributes": [],
          "private": "eyJlMmJmYjczMC1lY2FhLTExZTYtOGY4OC0zNDM2M2JjN2M0YzAiOnsiY3JlYXRlIjoxODAwMDAwMDAwMDAwLCJkZWxldGUiOjE4MDAwMDAwMDAwMDAsInJlYWQiOjMwMDAwMDAwMDAwMCwidXBkYXRlIjoxODAwMDAwMDAwMDAwfX0=",
          "dependencies": [
            "module.network_vm_module.azurerm_resource_group.rg",
            "module.network_vm_module.azurerm_virtual_network.vnet2"
          ]
        }
      ]
    },
    {
      "module": "module.network_vm_module",
      "mode": "managed",
      "type": "azurerm_virtual_network",
      "name": "vnet1",
      "provider": "module.network_vm_module.provider[\"registry.terraform.io/hashicorp/azurerm\"]",
      "instances": [
        {
          "schema_version": 0,
          "attributes": {
            "address_space": [
              "10.5.0.0/16"
            ],
            "bgp_community": "",
            "ddos_protection_plan": [],
            "dns_servers": [],
            "edge_zone": "",
            "encryption": [],
            "flow_timeout_in_minutes": 0,
            "guid": "dcd7955e-0de4-4e6f-90b4-bf11598995e5",
            "id": "/subscriptions/fb99e83f-61c2-4969-a2b1-eccab005dbe6/resourceGroups/rg-abc-1611/providers/Microsoft.Network/virtualNetworks/vnet1",
            "location": "eastus",
            "name": "vnet1",
            "private_endpoint_vnet_policies": "Disabled",
            "resource_group_name": "rg-abc-1611",
            "subnet": [],
            "tags": null,
            "timeouts": null
          },
          "sensitive_attributes": [],
          "private": "eyJlMmJmYjczMC1lY2FhLTExZTYtOGY4OC0zNDM2M2JjN2M0YzAiOnsiY3JlYXRlIjoxODAwMDAwMDAwMDAwLCJkZWxldGUiOjE4MDAwMDAwMDAwMDAsInJlYWQiOjMwMDAwMDAwMDAwMCwidXBkYXRlIjoxODAwMDAwMDAwMDAwfX0=",
          "dependencies": [
            "module.network_vm_module.azurerm_resource_group.rg"
          ]
        }
      ]
    },
    {
      "module": "module.network_vm_module",
      "mode": "managed",
      "type": "azurerm_virtual_network",
      "name": "vnet2",
      "provider": "module.network_vm_module.provider[\"registry.terraform.io/hashicorp/azurerm\"]",
      "instances": [
        {
          "schema_version": 0,
          "attributes": {
            "address_space": [
              "10.15.0.0/16"
            ],
            "bgp_community": "",
            "ddos_protection_plan": [],
            "dns_servers": [],
            "edge_zone": "",
            "encryption": [],
            "flow_timeout_in_minutes": 0,
            "guid": "013cd7f3-ff75-4102-890a-47822c39fcd2",
            "id": "/subscriptions/fb99e83f-61c2-4969-a2b1-eccab005dbe6/resourceGroups/rg-abc-1611/providers/Microsoft.Network/virtualNetworks/vnet2",
            "location": "eastus",
            "name": "vnet2",
            "private_endpoint_vnet_policies": "Disabled",
            "resource_group_name": "rg-abc-1611",
            "subnet": [],
            "tags": null,
            "timeouts": null
          },
          "sensitive_attributes": [],
          "private": "eyJlMmJmYjczMC1lY2FhLTExZTYtOGY4OC0zNDM2M2JjN2M0YzAiOnsiY3JlYXRlIjoxODAwMDAwMDAwMDAwLCJkZWxldGUiOjE4MDAwMDAwMDAwMDAsInJlYWQiOjMwMDAwMDAwMDAwMCwidXBkYXRlIjoxODAwMDAwMDAwMDAwfX0=",
          "dependencies": [
            "module.network_vm_module.azurerm_resource_group.rg"
          ]
        }
      ]
    },
    {
      "module": "module.network_vm_module",
      "mode": "managed",
      "type": "azurerm_virtual_network_peering",
      "name": "peer1to2",
      "provider": "module.network_vm_module.provider[\"registry.terraform.io/hashicorp/azurerm\"]",
      "instances": [
        {
          "schema_version": 0,
          "attributes": {
            "allow_forwarded_traffic": true,
            "allow_gateway_transit": false,
            "allow_virtual_network_access": true,
            "id": "/subscriptions/fb99e83f-61c2-4969-a2b1-eccab005dbe6/resourceGroups/rg-abc-1611/providers/Microsoft.Network/virtualNetworks/vnet1/virtualNetworkPeerings/peer1to2",
            "local_subnet_names": null,
            "name": "peer1to2",
            "only_ipv6_peering_enabled": false,
            "peer_complete_virtual_networks_enabled": true,
            "remote_subnet_names": null,
            "remote_virtual_network_id": "/subscriptions/fb99e83f-61c2-4969-a2b1-eccab005dbe6/resourceGroups/rg-abc-1611/providers/Microsoft.Network/virtualNetworks/vnet2",
            "resource_group_name": "rg-abc-1611",
            "timeouts": null,
            "triggers": null,
            "use_remote_gateways": false,
            "virtual_network_name": "vnet1"
          },
          "sensitive_attributes": [],
          "private": "eyJlMmJmYjczMC1lY2FhLTExZTYtOGY4OC0zNDM2M2JjN2M0YzAiOnsiY3JlYXRlIjoxODAwMDAwMDAwMDAwLCJkZWxldGUiOjE4MDAwMDAwMDAwMDAsInJlYWQiOjMwMDAwMDAwMDAwMCwidXBkYXRlIjoxODAwMDAwMDAwMDAwfX0=",
          "dependencies": [
            "module.network_vm_module.azurerm_resource_group.rg",
            "module.network_vm_module.azurerm_virtual_network.vnet1",
            "module.network_vm_module.azurerm_virtual_network.vnet2"
          ]
        }
      ]
    },
    {
      "module": "module.network_vm_module",
      "mode": "managed",
      "type": "azurerm_virtual_network_peering",
      "name": "peer2to1",
      "provider": "module.network_vm_module.provider[\"registry.terraform.io/hashicorp/azurerm\"]",
      "instances": [
        {
          "schema_version": 0,
          "attributes": {
            "allow_forwarded_traffic": true,
            "allow_gateway_transit": false,
            "allow_virtual_network_access": true,
            "id": "/subscriptions/fb99e83f-61c2-4969-a2b1-eccab005dbe6/resourceGroups/rg-abc-1611/providers/Microsoft.Network/virtualNetworks/vnet2/virtualNetworkPeerings/peer2to1",
            "local_subnet_names": null,
            "name": "peer2to1",
            "only_ipv6_peering_enabled": false,
            "peer_complete_virtual_networks_enabled": true,
            "remote_subnet_names": null,
            "remote_virtual_network_id": "/subscriptions/fb99e83f-61c2-4969-a2b1-eccab005dbe6/resourceGroups/rg-abc-1611/providers/Microsoft.Network/virtualNetworks/vnet1",
            "resource_group_name": "rg-abc-1611",
            "timeouts": null,
            "triggers": null,
            "use_remote_gateways": false,
            "virtual_network_name": "vnet2"
          },
          "sensitive_attributes": [],
          "private": "eyJlMmJmYjczMC1lY2FhLTExZTYtOGY4OC0zNDM2M2JjN2M0YzAiOnsiY3JlYXRlIjoxODAwMDAwMDAwMDAwLCJkZWxldGUiOjE4MDAwMDAwMDAwMDAsInJlYWQiOjMwMDAwMDAwMDAwMCwidXBkYXRlIjoxODAwMDAwMDAwMDAwfX0=",
          "dependencies": [
            "module.network_vm_module.azurerm_resource_group.rg",
            "module.network_vm_module.azurerm_virtual_network.vnet1",
            "module.network_vm_module.azurerm_virtual_network.vnet2"
          ]
        }
      ]
    }
  ],
  "check_results": null
}
